
Microsoft Visual Studio Solution File, Format Version 12.00
# Visual Studio Version 16
VisualStudioVersion = 16.0.32602.291
MinimumVisualStudioVersion = 10.0.40219.1
Project("{FAE04EC0-301F-11D3-BF4B-00C04F79EFBC}") = "FibonacciLabs", "FibonacciLabs\FibonacciLabs.csproj", "{C31EAE9B-5D6D-4491-9E94-0CD2439A1D58}"
EndProject
Global
	GlobalSection(SolutionConfigurationPlatforms) = preSolution
		Debug|Any CPU = Debug|Any CPU
		Release|Any CPU = Release|Any CPU
	EndGlobalSection
	GlobalSection(ProjectConfigurationPlatforms) = postSolution
		{C31EAE9B-5D6D-4491-9E94-0CD2439A1D58}.Debug|Any CPU.ActiveCfg = Debug|Any CPU
		{C31EAE9B-5D6D-4491-9E94-0CD2439A1D58}.Debug|Any CPU.Build.0 = Debug|Any CPU
		{C31EAE9B-5D6D-4491-9E94-0CD2439A1D58}.Release|Any CPU.ActiveCfg = Release|Any CPU
		{C31EAE9B-5D6D-4491-9E94-0CD2439A1D58}.Release|Any CPU.Build.0 = Release|Any CPU
	EndGlobalSection
	GlobalSection(SolutionProperties) = preSolution
		HideSolutionNode = FALSE
	EndGlobalSection
	GlobalSection(ExtensibilityGlobals) = postSolution
		SolutionGuid = {04E25D62-5D29-45F2-A44A-8A97484835F2}
	EndGlobalSection
EndGlobal
